// !$*UTF8*$!
{
	archiveVersion = 1;
	classes = {
	};
	objectVersion = 46;
	objects = {

/* Begin PBXBuildFile section */
		5BFF76EC16EDB13200F794A9 /* UIKit.framework in Frameworks */ = {isa = PBXBuildFile; fileRef = 5BFF76EB16EDB13200F794A9 /* UIKit.framework */; };
		5BFF76EE16EDB13200F794A9 /* Foundation.framework in Frameworks */ = {isa = PBXBuildFile; fileRef = 5BFF76ED16EDB13200F794A9 /* Foundation.framework */; };
		5BFF76F016EDB13200F794A9 /* CoreGraphics.framework in Frameworks */ = {isa = PBXBuildFile; fileRef = 5BFF76EF16EDB13200F794A9 /* CoreGraphics.framework */; };
		5BFF76F616EDB13200F794A9 /* InfoPlist.strings in Resources */ = {isa = PBXBuildFile; fileRef = 5BFF76F416EDB13200F794A9 /* InfoPlist.strings */; };
		5BFF76F816EDB13200F794A9 /* main.m in Sources */ = {isa = PBXBuildFile; fileRef = 5BFF76F716EDB13200F794A9 /* main.m */; };
		5BFF76FC16EDB13200F794A9 /* ARTAppDelegate.m in Sources */ = {isa = PBXBuildFile; fileRef = 5BFF76FB16EDB13200F794A9 /* ARTAppDelegate.m */; };
		5BFF76FE16EDB13200F794A9 /* Default.png in Resources */ = {isa = PBXBuildFile; fileRef = 5BFF76FD16EDB13200F794A9 /* Default.png */; };
		5BFF770016EDB13200F794A9 /* Default@2x.png in Resources */ = {isa = PBXBuildFile; fileRef = 5BFF76FF16EDB13200F794A9 /* Default@2x.png */; };
		5BFF770216EDB13200F794A9 /* Default-568h@2x.png in Resources */ = {isa = PBXBuildFile; fileRef = 5BFF770116EDB13200F794A9 /* Default-568h@2x.png */; };
		5BFF770516EDB13200F794A9 /* ARTMasterViewController.m in Sources */ = {isa = PBXBuildFile; fileRef = 5BFF770416EDB13200F794A9 /* ARTMasterViewController.m */; };
		5BFF770816EDB13200F794A9 /* ARTDetailViewController.m in Sources */ = {isa = PBXBuildFile; fileRef = 5BFF770716EDB13200F794A9 /* ARTDetailViewController.m */; };
		5BFF770B16EDB13200F794A9 /* ARTMasterViewController.xib in Resources */ = {isa = PBXBuildFile; fileRef = 5BFF770916EDB13200F794A9 /* ARTMasterViewController.xib */; };
		5BFF770E16EDB13200F794A9 /* ARTDetailViewController.xib in Resources */ = {isa = PBXBuildFile; fileRef = 5BFF770C16EDB13200F794A9 /* ARTDetailViewController.xib */; };
/* End PBXBuildFile section */

/* Begin PBXFileReference section */
		5BFF76E816EDB13200F794A9 /* iOS_ART_Ch1.app */ = {isa = PBXFileReference; explicitFileType = wrapper.application; includeInIndex = 0; path = iOS_ART_Ch1.app; sourceTree = BUILT_PRODUCTS_DIR; };
		5BFF76EB16EDB13200F794A9 /* UIKit.framework */ = {isa = PBXFileReference; lastKnownFileType = wrapper.framework; name = UIKit.framework; path = System/Library/Frameworks/UIKit.framework; sourceTree = SDKROOT; };
		5BFF76ED16EDB13200F794A9 /* Foundation.framework */ = {isa = PBXFileReference; lastKnownFileType = wrapper.framework; name = Foundation.framework; path = System/Library/Frameworks/Foundation.framework; sourceTree = SDKROOT; };
		5BFF76EF16EDB13200F794A9 /* CoreGraphics.framework */ = {isa = PBXFileReference; lastKnownFileType = wrapper.framework; name = CoreGraphics.framework; path = System/Library/Frameworks/CoreGraphics.framework; sourceTree = SDKROOT; };
		5BFF76F316EDB13200F794A9 /* iOS_ART_Ch1-Info.plist */ = {isa = PBXFileReference; lastKnownFileType = text.plist.xml; path = "iOS_ART_Ch1-Info.plist"; sourceTree = "<group>"; };
		5BFF76F516EDB13200F794A9 /* en */ = {isa = PBXFileReference; lastKnownFileType = text.plist.strings; name = en; path = en.lproj/InfoPlist.strings; sourceTree = "<group>"; };
		5BFF76F716EDB13200F794A9 /* main.m */ = {isa = PBXFileReference; lastKnownFileType = sourcecode.c.objc; path = main.m; sourceTree = "<group>"; };
		5BFF76F916EDB13200F794A9 /* iOS_ART_Ch1-Prefix.pch */ = {isa = PBXFileReference; lastKnownFileType = sourcecode.c.h; path = "iOS_ART_Ch1-Prefix.pch"; sourceTree = "<group>"; };
		5BFF76FA16EDB13200F794A9 /* ARTAppDelegate.h */ = {isa = PBXFileReference; lastKnownFileType = sourcecode.c.h; path = ARTAppDelegate.h; sourceTree = "<group>"; };
		5BFF76FB16EDB13200F794A9 /* ARTAppDelegate.m */ = {isa = PBXFileReference; lastKnownFileType = sourcecode.c.objc; path = ARTAppDelegate.m; sourceTree = "<group>"; };
		5BFF76FD16EDB13200F794A9 /* Default.png */ = {isa = PBXFileReference; lastKnownFileType = image.png; path = Default.png; sourceTree = "<group>"; };
		5BFF76FF16EDB13200F794A9 /* Default@2x.png */ = {isa = PBXFileReference; lastKnownFileType = image.png; path = "Default@2x.png"; sourceTree = "<group>"; };
		5BFF770116EDB13200F794A9 /* Default-568h@2x.png */ = {isa = PBXFileReference; lastKnownFileType = image.png; path = "Default-568h@2x.png"; sourceTree = "<group>"; };
		5BFF770316EDB13200F794A9 /* ARTMasterViewController.h */ = {isa = PBXFileReference; lastKnownFileType = sourcecode.c.h; path = ARTMasterViewController.h; sourceTree = "<group>"; };
		5BFF770416EDB13200F794A9 /* ARTMasterViewController.m */ = {isa = PBXFileReference; lastKnownFileType = sourcecode.c.objc; path = ARTMasterViewController.m; sourceTree = "<group>"; };
		5BFF770616EDB13200F794A9 /* ARTDetailViewController.h */ = {isa = PBXFileReference; lastKnownFileType = sourcecode.c.h; path = ARTDetailViewController.h; sourceTree = "<group>"; };
		5BFF770716EDB13200F794A9 /* ARTDetailViewController.m */ = {isa = PBXFileReference; lastKnownFileType = sourcecode.c.objc; path = ARTDetailViewController.m; sourceTree = "<group>"; };
		5BFF770A16EDB13200F794A9 /* en */ = {isa = PBXFileReference; lastKnownFileType = file.xib; name = en; path = en.lproj/ARTMasterViewController.xib; sourceTree = "<group>"; };
		5BFF770D16EDB13200F794A9 /* en */ = {isa = PBXFileReference; lastKnownFileType = file.xib; name = en; path = en.lproj/ARTDetailViewController.xib; sourceTree = "<group>"; };
/* End PBXFileReference section */

/* Begin PBXFrameworksBuildPhase section */
		5BFF76E516EDB13200F794A9 /* Frameworks */ = {
			isa = PBXFrameworksBuildPhase;
			buildActionMask = 2147483647;
			files = (
				5BFF76EC16EDB13200F794A9 /* UIKit.framework in Frameworks */,
				5BFF76EE16EDB13200F794A9 /* Foundation.framework in Frameworks */,
				5BFF76F016EDB13200F794A9 /* CoreGraphics.framework in Frameworks */,
			);
			runOnlyForDeploymentPostprocessing = 0;
		};
/* End PBXFrameworksBuildPhase section */

/* Begin PBXGroup section */
		5BFF76DF16EDB13200F794A9 = {
			isa = PBXGroup;
			children = (
				5BFF76F116EDB13200F794A9 /* iOS_ART_Ch1 */,
				5BFF76EA16EDB13200F794A9 /* Frameworks */,
				5BFF76E916EDB13200F794A9 /* Products */,
			);
			sourceTree = "<group>";
		};
		5BFF76E916EDB13200F794A9 /* Products */ = {
			isa = PBXGroup;
			children = (
				5BFF76E816EDB13200F794A9 /* iOS_ART_Ch1.app */,
			);
			name = Products;
			sourceTree = "<group>";
		};
		5BFF76EA16EDB13200F794A9 /* Frameworks */ = {
			isa = PBXGroup;
			children = (
				5BFF76EB16EDB13200F794A9 /* UIKit.framework */,
				5BFF76ED16EDB13200F794A9 /* Foundation.framework */,
				5BFF76EF16EDB13200F794A9 /* CoreGraphics.framework */,
			);
			name = Frameworks;
			sourceTree = "<group>";
		};
		5BFF76F116EDB13200F794A9 /* iOS_ART_Ch1 */ = {
			isa = PBXGroup;
			children = (
				5BFF76FA16EDB13200F794A9 /* ARTAppDelegate.h */,
				5BFF76FB16EDB13200F794A9 /* ARTAppDelegate.m */,
				5BFF770316EDB13200F794A9 /* ARTMasterViewController.h */,
				5BFF770416EDB13200F794A9 /* ARTMasterViewController.m */,
				5BFF770616EDB13200F794A9 /* ARTDetailViewController.h */,
				5BFF770716EDB13200F794A9 /* ARTDetailViewController.m */,
				5BFF770916EDB13200F794A9 /* ARTMasterViewController.xib */,
				5BFF770C16EDB13200F794A9 /* ARTDetailViewController.xib */,
				5BFF76F216EDB13200F794A9 /* Supporting Files */,
			);
			path = iOS_ART_Ch1;
			sourceTree = "<group>";
		};
		5BFF76F216EDB13200F794A9 /* Supporting Files */ = {
			isa = PBXGroup;
			children = (
				5BFF76F316EDB13200F794A9 /* iOS_ART_Ch1-Info.plist */,
				5BFF76F416EDB13200F794A9 /* InfoPlist.strings */,
				5BFF76F716EDB13200F794A9 /* main.m */,
				5BFF76F916EDB13200F794A9 /* iOS_ART_Ch1-Prefix.pch */,
				5BFF76FD16EDB13200F794A9 /* Default.png */,
				5BFF76FF16EDB13200F794A9 /* Default@2x.png */,
				5BFF770116EDB13200F794A9 /* Default-568h@2x.png */,
			);
			name = "Supporting Files";
			sourceTree = "<group>";
		};
/* End PBXGroup section */

/* Begin PBXNativeTarget section */
		5BFF76E716EDB13200F794A9 /* iOS_ART_Ch1 */ = {
			isa = PBXNativeTarget;
			buildConfigurationList = 5BFF771116EDB13200F794A9 /* Build configuration list for PBXNativeTarget "iOS_ART_Ch1" */;
			buildPhases = (
				5BFF76E416EDB13200F794A9 /* Sources */,
				5BFF76E516EDB13200F794A9 /* Frameworks */,
				5BFF76E616EDB13200F794A9 /* Resources */,
			);
			buildRules = (
			);
			dependencies = (
			);
			name = iOS_ART_Ch1;
			productName = iOS_ART_Ch1;
			productReference = 5BFF76E816EDB13200F794A9 /* iOS_ART_Ch1.app */;
			productType = "com.apple.product-type.application";
		};
/* End PBXNativeTarget section */

/* Begin PBXProject section */
		5BFF76E016EDB13200F794A9 /* Project object */ = {
			isa = PBXProject;
			attributes = {
				CLASSPREFIX = ART;
				LastUpgradeCheck = 0460;
				ORGANIZATIONNAME = Cylolix;
			};
			buildConfigurationList = 5BFF76E316EDB13200F794A9 /* Build configuration list for PBXProject "iOS_ART_Ch1" */;
			compatibilityVersion = "Xcode 3.2";
			developmentRegion = English;
			hasScannedForEncodings = 0;
			knownRegions = (
				en,
			);
			mainGroup = 5BFF76DF16EDB13200F794A9;
			productRefGroup = 5BFF76E916EDB13200F794A9 /* Products */;
			projectDirPath = "";
			projectRoot = "";
			targets = (
				5BFF76E716EDB13200F794A9 /* iOS_ART_Ch1 */,
			);
		};
/* End PBXProject section */

/* Begin PBXResourcesBuildPhase section */
		5BFF76E616EDB13200F794A9 /* Resources */ = {
			isa = PBXResourcesBuildPhase;
			buildActionMask = 2147483647;
			files = (
				5BFF76F616EDB13200F794A9 /* InfoPlist.strings in Resources */,
				5BFF76FE16EDB13200F794A9 /* Default.png in Resources */,
				5BFF770016EDB13200F794A9 /* Default@2x.png in Resources */,
				5BFF770216EDB13200F794A9 /* Default-568h@2x.png in Resources */,
				5BFF770B16EDB13200F794A9 /* ARTMasterViewController.xib in Resources */,
				5BFF770E16EDB13200F794A9 /* ARTDetailViewController.xib in Resources */,
			);
			runOnlyForDeploymentPostprocessing = 0;
		};
/* End PBXResourcesBuildPhase section */

/* Begin PBXSourcesBuildPhase section */
		5BFF76E416EDB13200F794A9 /* Sources */ = {
			isa = PBXSourcesBuildPhase;
			buildActionMask = 2147483647;
			files = (
				5BFF76F816EDB13200F794A9 /* main.m in Sources */,
				5BFF76FC16EDB13200F794A9 /* ARTAppDelegate.m in Sources */,
				5BFF770516EDB13200F794A9 /* ARTMasterViewController.m in Sources */,
				5BFF770816EDB13200F794A9 /* ARTDetailViewController.m in Sources */,
			);
			runOnlyForDeploymentPostprocessing = 0;
		};
/* End PBXSourcesBuildPhase section */

/* Begin PBXVariantGroup section */
		5BFF76F416EDB13200F794A9 /* InfoPlist.strings */ = {
			isa = PBXVariantGroup;
			children = (
				5BFF76F516EDB13200F794A9 /* en */,
			);
			name = InfoPlist.strings;
			sourceTree = "<group>";
		};
		5BFF770916EDB13200F794A9 /* ARTMasterViewController.xib */ = {
			isa = PBXVariantGroup;
			children = (
				5BFF770A16EDB13200F794A9 /* en */,
			);
			name = ARTMasterViewController.xib;
			sourceTree = "<group>";
		};
		5BFF770C16EDB13200F794A9 /* ARTDetailViewController.xib */ = {
			isa = PBXVariantGroup;
			children = (
				5BFF770D16EDB13200F794A9 /* en */,
			);
			name = ARTDetailViewController.xib;
			sourceTree = "<group>";
		};
/* End PBXVariantGroup section */

/* Begin XCBuildConfiguration section */
		5BFF770F16EDB13200F794A9 /* Debug */ = {
			isa = XCBuildConfiguration;
			buildSettings = {
				ALWAYS_SEARCH_USER_PATHS = NO;
				CLANG_CXX_LANGUAGE_STANDARD = "gnu++0x";
				CLANG_CXX_LIBRARY = "libc++";
				CLANG_ENABLE_OBJC_ARC = YES;
				CLANG_WARN_CONSTANT_CONVERSION = YES;
				CLANG_WARN_EMPTY_BODY = YES;
				CLANG_WARN_ENUM_CONVERSION = YES;
				CLANG_WARN_INT_CONVERSION = YES;
				CLANG_WARN__DUPLICATE_METHOD_MATCH = YES;
				"CODE_SIGN_IDENTITY[sdk=iphoneos*]" = "iPhone Developer";
				COPY_PHASE_STRIP = NO;
				GCC_C_LANGUAGE_STANDARD = gnu99;
				GCC_DYNAMIC_NO_PIC = NO;
				GCC_OPTIMIZATION_LEVEL = 0;
				GCC_PREPROCESSOR_DEFINITIONS = (
					"DEBUG=1",
					"$(inherited)",
				);
				GCC_SYMBOLS_PRIVATE_EXTERN = NO;
				GCC_WARN_ABOUT_RETURN_TYPE = YES;
				GCC_WARN_UNINITIALIZED_AUTOS = YES;
				GCC_WARN_UNUSED_VARIABLE = YES;
				IPHONEOS_DEPLOYMENT_TARGET = 6.1;
				ONLY_ACTIVE_ARCH = YES;
				SDKROOT = iphoneos;
			};
			name = Debug;
		};
		5BFF771016EDB13200F794A9 /* Release */ = {
			isa = XCBuildConfiguration;
			buildSettings = {
				ALWAYS_SEARCH_USER_PATHS = NO;
				CLANG_CXX_LANGUAGE_STANDARD = "gnu++0x";
				CLANG_CXX_LIBRARY = "libc++";
				CLANG_ENABLE_OBJC_ARC = YES;
				CLANG_WARN_CONSTANT_CONVERSION = YES;
				CLANG_WARN_EMPTY_BODY = YES;
				CLANG_WARN_ENUM_CONVERSION = YES;
				CLANG_WARN_INT_CONVERSION = YES;
				CLANG_WARN__DUPLICATE_METHOD_MATCH = YES;
				"CODE_SIGN_IDENTITY[sdk=iphoneos*]" = "iPhone Developer";
				COPY_PHASE_STRIP = YES;
				GCC_C_LANGUAGE_STANDARD = gnu99;
				GCC_WARN_ABOUT_RETURN_TYPE = YES;
				GCC_WARN_UNINITIALIZED_AUTOS = YES;
				GCC_WARN_UNUSED_VARIABLE = YES;
				IPHONEOS_DEPLOYMENT_TARGET = 6.1;
				OTHER_CFLAGS = "-DNS_BLOCK_ASSERTIONS=1";
				SDKROOT = iphoneos;
				VALIDATE_PRODUCT = YES;
			};
			name = Release;
		};
		5BFF771216EDB13200F794A9 /* Debug */ = {
			isa = XCBuildConfiguration;
			buildSettings = {
				GCC_PRECOMPILE_PREFIX_HEADER = YES;
				GCC_PREFIX_HEADER = "iOS_ART_Ch1/iOS_ART_Ch1-Prefix.pch";
				INFOPLIST_FILE = "iOS_ART_Ch1/iOS_ART_Ch1-Info.plist";
				PRODUCT_NAME = "$(TARGET_NAME)";
				WRAPPER_EXTENSION = app;
			};
			name = Debug;
		};
		5BFF771316EDB13200F794A9 /* Release */ = {
			isa = XCBuildConfiguration;
			buildSettings = {
				GCC_PRECOMPILE_PREFIX_HEADER = YES;
				GCC_PREFIX_HEADER = "iOS_ART_Ch1/iOS_ART_Ch1-Prefix.pch";
				INFOPLIST_FILE = "iOS_ART_Ch1/iOS_ART_Ch1-Info.plist";
				PRODUCT_NAME = "$(TARGET_NAME)";
				WRAPPER_EXTENSION = app;
			};
			name = Release;
		};
/* End XCBuildConfiguration section */

/* Begin XCConfigurationList section */
		5BFF76E316EDB13200F794A9 /* Build configuration list for PBXProject "iOS_ART_Ch1" */ = {
			isa = XCConfigurationList;
			buildConfigurations = (
				5BFF770F16EDB13200F794A9 /* Debug */,
				5BFF771016EDB13200F794A9 /* Release */,
			);
			defaultConfigurationIsVisible = 0;
			defaultConfigurationName = Release;
		};
		5BFF771116EDB13200F794A9 /* Build configuration list for PBXNativeTarget "iOS_ART_Ch1" */ = {
			isa = XCConfigurationList;
			buildConfigurations = (
				5BFF771216EDB13200F794A9 /* Debug */,
				5BFF771316EDB13200F794A9 /* Release */,
			);
			defaultConfigurationIsVisible = 0;
			defaultConfigurationName = Release;
		};
/* End XCConfigurationList section */
	};
	rootObject = 5BFF76E016EDB13200F794A9 /* Project object */;
}
